
Microsoft Visual Studio Solution File, Format Version 12.00
# Visual Studio 2013
VisualStudioVersion = 12.0.31101.0
MinimumVisualStudioVersion = 10.0.40219.1
Project("{FAE04EC0-301F-11D3-BF4B-00C04F79EFBC}") = "Task16_3", "Task16_3\Task16_3.csproj", "{6CC56E68-1838-49E6-BCE7-E2F9BF06DF02}"
EndProject
Project("{FAE04EC0-301F-11D3-BF4B-00C04F79EFBC}") = "TestDictionary", "TestDictionary\TestDictionary.csproj", "{2FD783D5-CF86-475C-99EB-AC36C2C71FB3}"
EndProject
Global
	GlobalSection(SolutionConfigurationPlatforms) = preSolution
		Debug|Any CPU = Debug|Any CPU
		Release|Any CPU = Release|Any CPU
	EndGlobalSection
	GlobalSection(ProjectConfigurationPlatforms) = postSolution
		{6CC56E68-1838-49E6-BCE7-E2F9BF06DF02}.Debug|Any CPU.ActiveCfg = Debug|Any CPU
		{6CC56E68-1838-49E6-BCE7-E2F9BF06DF02}.Debug|Any CPU.Build.0 = Debug|Any CPU
		{6CC56E68-1838-49E6-BCE7-E2F9BF06DF02}.Release|Any CPU.ActiveCfg = Release|Any CPU
		{6CC56E68-1838-49E6-BCE7-E2F9BF06DF02}.Release|Any CPU.Build.0 = Release|Any CPU
		{2FD783D5-CF86-475C-99EB-AC36C2C71FB3}.Debug|Any CPU.ActiveCfg = Debug|Any CPU
		{2FD783D5-CF86-475C-99EB-AC36C2C71FB3}.Debug|Any CPU.Build.0 = Debug|Any CPU
		{2FD783D5-CF86-475C-99EB-AC36C2C71FB3}.Release|Any CPU.ActiveCfg = Release|Any CPU
		{2FD783D5-CF86-475C-99EB-AC36C2C71FB3}.Release|Any CPU.Build.0 = Release|Any CPU
	EndGlobalSection
	GlobalSection(SolutionProperties) = preSolution
		HideSolutionNode = FALSE
	EndGlobalSection
EndGlobal
